// !$*UTF8*$!
{
	archiveVersion = 1;
	classes = {
	};
	objectVersion = 48;
	objects = {

/* Begin PBXBuildFile section */
		7EDC968A20A3C7540088D94F /* AppDelegate.swift in Sources */ = {isa = PBXBuildFile; fileRef = 7EDC968920A3C7540088D94F /* AppDelegate.swift */; };
		7EDC968C20A3C7540088D94F /* ViewController.swift in Sources */ = {isa = PBXBuildFile; fileRef = 7EDC968B20A3C7540088D94F /* ViewController.swift */; };
		7EDC968F20A3C7540088D94F /* Main.storyboard in Resources */ = {isa = PBXBuildFile; fileRef = 7EDC968D20A3C7540088D94F /* Main.storyboard */; };
		7EDC969220A3C7540088D94F /* Math_Notation_To_Language_Converter.xcdatamodeld in Sources */ = {isa = PBXBuildFile; fileRef = 7EDC969020A3C7540088D94F /* Math_Notation_To_Language_Converter.xcdatamodeld */; };
		7EDC969420A3C7550088D94F /* Assets.xcassets in Resources */ = {isa = PBXBuildFile; fileRef = 7EDC969320A3C7550088D94F /* Assets.xcassets */; };
		7EDC969720A3C7550088D94F /* LaunchScreen.storyboard in Resources */ = {isa = PBXBuildFile; fileRef = 7EDC969520A3C7550088D94F /* LaunchScreen.storyboard */; };
		7EDC969F20A3C7B80088D94F /* Prototype Wireframe.storyboard in Resources */ = {isa = PBXBuildFile; fileRef = 7EDC969E20A3C7B80088D94F /* Prototype Wireframe.storyboard */; };
		A4F1986A20ACF2A4002A059E /* SearchViewController.swift in Sources */ = {isa = PBXBuildFile; fileRef = A4F1986920ACF2A4002A059E /* SearchViewController.swift */; };
		A4F1986C20ACF352002A059E /* ResultViewController.swift in Sources */ = {isa = PBXBuildFile; fileRef = A4F1986B20ACF352002A059E /* ResultViewController.swift */; };
		A4F1986E20ACF53E002A059E /* ResultDetailViewController.swift in Sources */ = {isa = PBXBuildFile; fileRef = A4F1986D20ACF53E002A059E /* ResultDetailViewController.swift */; };
		A4F1987020ACF677002A059E /* FormulaCategoryVC.swift in Sources */ = {isa = PBXBuildFile; fileRef = A4F1986F20ACF677002A059E /* FormulaCategoryVC.swift */; };
		A4F1987220ACFA0C002A059E /* CommonFormulaVC.swift in Sources */ = {isa = PBXBuildFile; fileRef = A4F1987120ACFA0C002A059E /* CommonFormulaVC.swift */; };
		A4F1987420ACFB8C002A059E /* FormulaSearchVC.swift in Sources */ = {isa = PBXBuildFile; fileRef = A4F1987320ACFB8C002A059E /* FormulaSearchVC.swift */; };
		A4F1987620ACFC5B002A059E /* FavoriteViewController.swift in Sources */ = {isa = PBXBuildFile; fileRef = A4F1987520ACFC5B002A059E /* FavoriteViewController.swift */; };
		A4F1987820ACFCD7002A059E /* CustomDefineVC.swift in Sources */ = {isa = PBXBuildFile; fileRef = A4F1987720ACFCD7002A059E /* CustomDefineVC.swift */; };
		A4F1987A20ACFE04002A059E /* SettingViewController.swift in Sources */ = {isa = PBXBuildFile; fileRef = A4F1987920ACFE04002A059E /* SettingViewController.swift */; };
		A4F1988220ACFE61002A059E /* KeyboardViewController.swift in Sources */ = {isa = PBXBuildFile; fileRef = A4F1988120ACFE61002A059E /* KeyboardViewController.swift */; };
		A4F1988620ACFE61002A059E /* symbolKeyboard.appex in Embed App Extensions */ = {isa = PBXBuildFile; fileRef = A4F1987F20ACFE61002A059E /* symbolKeyboard.appex */; settings = {ATTRIBUTES = (RemoveHeadersOnCopy, ); }; };
		A4F1988C20ACFEA4002A059E /* symbolKeyboardView.xib in Resources */ = {isa = PBXBuildFile; fileRef = A4F1988B20ACFEA4002A059E /* symbolKeyboardView.xib */; };
/* End PBXBuildFile section */

/* Begin PBXContainerItemProxy section */
		A4F1988420ACFE61002A059E /* PBXContainerItemProxy */ = {
			isa = PBXContainerItemProxy;
			containerPortal = 7EDC967E20A3C7530088D94F /* Project object */;
			proxyType = 1;
			remoteGlobalIDString = A4F1987E20ACFE61002A059E;
			remoteInfo = symbolKeyboard;
		};
/* End PBXContainerItemProxy section */

/* Begin PBXCopyFilesBuildPhase section */
		A4F1988A20ACFE61002A059E /* Embed App Extensions */ = {
			isa = PBXCopyFilesBuildPhase;
			buildActionMask = 2147483647;
			dstPath = "";
			dstSubfolderSpec = 13;
			files = (
				A4F1988620ACFE61002A059E /* symbolKeyboard.appex in Embed App Extensions */,
			);
			name = "Embed App Extensions";
			runOnlyForDeploymentPostprocessing = 0;
		};
/* End PBXCopyFilesBuildPhase section */

/* Begin PBXFileReference section */
		7EDC968620A3C7530088D94F /* Math Notation To Language Converter.app */ = {isa = PBXFileReference; explicitFileType = wrapper.application; includeInIndex = 0; path = "Math Notation To Language Converter.app"; sourceTree = BUILT_PRODUCTS_DIR; };
		7EDC968920A3C7540088D94F /* AppDelegate.swift */ = {isa = PBXFileReference; lastKnownFileType = sourcecode.swift; path = AppDelegate.swift; sourceTree = "<group>"; };
		7EDC968B20A3C7540088D94F /* ViewController.swift */ = {isa = PBXFileReference; lastKnownFileType = sourcecode.swift; path = ViewController.swift; sourceTree = "<group>"; };
		7EDC968E20A3C7540088D94F /* Base */ = {isa = PBXFileReference; lastKnownFileType = file.storyboard; name = Base; path = Base.lproj/Main.storyboard; sourceTree = "<group>"; };
		7EDC969120A3C7540088D94F /* Math_Notation_To_Language_Converter.xcdatamodel */ = {isa = PBXFileReference; lastKnownFileType = wrapper.xcdatamodel; path = Math_Notation_To_Language_Converter.xcdatamodel; sourceTree = "<group>"; };
		7EDC969320A3C7550088D94F /* Assets.xcassets */ = {isa = PBXFileReference; lastKnownFileType = folder.assetcatalog; path = Assets.xcassets; sourceTree = "<group>"; };
		7EDC969620A3C7550088D94F /* Base */ = {isa = PBXFileReference; lastKnownFileType = file.storyboard; name = Base; path = Base.lproj/LaunchScreen.storyboard; sourceTree = "<group>"; };
		7EDC969820A3C7550088D94F /* Info.plist */ = {isa = PBXFileReference; lastKnownFileType = text.plist.xml; path = Info.plist; sourceTree = "<group>"; };
		7EDC969E20A3C7B80088D94F /* Prototype Wireframe.storyboard */ = {isa = PBXFileReference; lastKnownFileType = file.storyboard; path = "Prototype Wireframe.storyboard"; sourceTree = "<group>"; };
		A4F1986920ACF2A4002A059E /* SearchViewController.swift */ = {isa = PBXFileReference; lastKnownFileType = sourcecode.swift; path = SearchViewController.swift; sourceTree = "<group>"; };
		A4F1986B20ACF352002A059E /* ResultViewController.swift */ = {isa = PBXFileReference; lastKnownFileType = sourcecode.swift; path = ResultViewController.swift; sourceTree = "<group>"; };
		A4F1986D20ACF53E002A059E /* ResultDetailViewController.swift */ = {isa = PBXFileReference; lastKnownFileType = sourcecode.swift; path = ResultDetailViewController.swift; sourceTree = "<group>"; };
		A4F1986F20ACF677002A059E /* FormulaCategoryVC.swift */ = {isa = PBXFileReference; lastKnownFileType = sourcecode.swift; path = FormulaCategoryVC.swift; sourceTree = "<group>"; };
		A4F1987120ACFA0C002A059E /* CommonFormulaVC.swift */ = {isa = PBXFileReference; lastKnownFileType = sourcecode.swift; path = CommonFormulaVC.swift; sourceTree = "<group>"; };
		A4F1987320ACFB8C002A059E /* FormulaSearchVC.swift */ = {isa = PBXFileReference; lastKnownFileType = sourcecode.swift; path = FormulaSearchVC.swift; sourceTree = "<group>"; };
		A4F1987520ACFC5B002A059E /* FavoriteViewController.swift */ = {isa = PBXFileReference; lastKnownFileType = sourcecode.swift; path = FavoriteViewController.swift; sourceTree = "<group>"; };
		A4F1987720ACFCD7002A059E /* CustomDefineVC.swift */ = {isa = PBXFileReference; lastKnownFileType = sourcecode.swift; path = CustomDefineVC.swift; sourceTree = "<group>"; };
		A4F1987920ACFE04002A059E /* SettingViewController.swift */ = {isa = PBXFileReference; lastKnownFileType = sourcecode.swift; path = SettingViewController.swift; sourceTree = "<group>"; };
		A4F1987F20ACFE61002A059E /* symbolKeyboard.appex */ = {isa = PBXFileReference; explicitFileType = "wrapper.app-extension"; includeInIndex = 0; path = symbolKeyboard.appex; sourceTree = BUILT_PRODUCTS_DIR; };
		A4F1988120ACFE61002A059E /* KeyboardViewController.swift */ = {isa = PBXFileReference; lastKnownFileType = sourcecode.swift; path = KeyboardViewController.swift; sourceTree = "<group>"; };
		A4F1988320ACFE61002A059E /* Info.plist */ = {isa = PBXFileReference; lastKnownFileType = text.plist.xml; path = Info.plist; sourceTree = "<group>"; };
		A4F1988B20ACFEA4002A059E /* symbolKeyboardView.xib */ = {isa = PBXFileReference; lastKnownFileType = file.xib; path = symbolKeyboardView.xib; sourceTree = "<group>"; };
/* End PBXFileReference section */

/* Begin PBXFrameworksBuildPhase section */
		7EDC968320A3C7530088D94F /* Frameworks */ = {
			isa = PBXFrameworksBuildPhase;
			buildActionMask = 2147483647;
			files = (
			);
			runOnlyForDeploymentPostprocessing = 0;
		};
		A4F1987C20ACFE61002A059E /* Frameworks */ = {
			isa = PBXFrameworksBuildPhase;
			buildActionMask = 2147483647;
			files = (
			);
			runOnlyForDeploymentPostprocessing = 0;
		};
/* End PBXFrameworksBuildPhase section */

/* Begin PBXGroup section */
		7EDC967D20A3C7530088D94F = {
			isa = PBXGroup;
			children = (
				7EDC968820A3C7530088D94F /* Math Notation To Language Converter */,
				A4F1988020ACFE61002A059E /* symbolKeyboard */,
				7EDC968720A3C7530088D94F /* Products */,
			);
			sourceTree = "<group>";
		};
		7EDC968720A3C7530088D94F /* Products */ = {
			isa = PBXGroup;
			children = (
				7EDC968620A3C7530088D94F /* Math Notation To Language Converter.app */,
				A4F1987F20ACFE61002A059E /* symbolKeyboard.appex */,
			);
			name = Products;
			sourceTree = "<group>";
		};
		7EDC968820A3C7530088D94F /* Math Notation To Language Converter */ = {
			isa = PBXGroup;
			children = (
				7EDC968920A3C7540088D94F /* AppDelegate.swift */,
				7EDC968B20A3C7540088D94F /* ViewController.swift */,
				7EDC968D20A3C7540088D94F /* Main.storyboard */,
				7EDC969E20A3C7B80088D94F /* Prototype Wireframe.storyboard */,
				7EDC969320A3C7550088D94F /* Assets.xcassets */,
				7EDC969520A3C7550088D94F /* LaunchScreen.storyboard */,
				7EDC969820A3C7550088D94F /* Info.plist */,
				7EDC969020A3C7540088D94F /* Math_Notation_To_Language_Converter.xcdatamodeld */,
				A4F1986920ACF2A4002A059E /* SearchViewController.swift */,
				A4F1986B20ACF352002A059E /* ResultViewController.swift */,
				A4F1986D20ACF53E002A059E /* ResultDetailViewController.swift */,
				A4F1986F20ACF677002A059E /* FormulaCategoryVC.swift */,
				A4F1987120ACFA0C002A059E /* CommonFormulaVC.swift */,
				A4F1987320ACFB8C002A059E /* FormulaSearchVC.swift */,
				A4F1987520ACFC5B002A059E /* FavoriteViewController.swift */,
				A4F1987720ACFCD7002A059E /* CustomDefineVC.swift */,
				A4F1987920ACFE04002A059E /* SettingViewController.swift */,
			);
			path = "Math Notation To Language Converter";
			sourceTree = "<group>";
		};
		A4F1988020ACFE61002A059E /* symbolKeyboard */ = {
			isa = PBXGroup;
			children = (
				A4F1988120ACFE61002A059E /* KeyboardViewController.swift */,
				A4F1988320ACFE61002A059E /* Info.plist */,
				A4F1988B20ACFEA4002A059E /* symbolKeyboardView.xib */,
			);
			path = symbolKeyboard;
			sourceTree = "<group>";
		};
/* End PBXGroup section */

/* Begin PBXNativeTarget section */
		7EDC968520A3C7530088D94F /* Math Notation To Language Converter */ = {
			isa = PBXNativeTarget;
			buildConfigurationList = 7EDC969B20A3C7550088D94F /* Build configuration list for PBXNativeTarget "Math Notation To Language Converter" */;
			buildPhases = (
				7EDC968220A3C7530088D94F /* Sources */,
				7EDC968320A3C7530088D94F /* Frameworks */,
				7EDC968420A3C7530088D94F /* Resources */,
				A4F1988A20ACFE61002A059E /* Embed App Extensions */,
			);
			buildRules = (
			);
			dependencies = (
				A4F1988520ACFE61002A059E /* PBXTargetDependency */,
			);
			name = "Math Notation To Language Converter";
			productName = "Math Notation To Language Converter";
			productReference = 7EDC968620A3C7530088D94F /* Math Notation To Language Converter.app */;
			productType = "com.apple.product-type.application";
		};
		A4F1987E20ACFE61002A059E /* symbolKeyboard */ = {
			isa = PBXNativeTarget;
			buildConfigurationList = A4F1988720ACFE61002A059E /* Build configuration list for PBXNativeTarget "symbolKeyboard" */;
			buildPhases = (
				A4F1987B20ACFE61002A059E /* Sources */,
				A4F1987C20ACFE61002A059E /* Frameworks */,
				A4F1987D20ACFE61002A059E /* Resources */,
			);
			buildRules = (
			);
			dependencies = (
			);
			name = symbolKeyboard;
			productName = symbolKeyboard;
			productReference = A4F1987F20ACFE61002A059E /* symbolKeyboard.appex */;
			productType = "com.apple.product-type.app-extension";
		};
/* End PBXNativeTarget section */

/* Begin PBXProject section */
		7EDC967E20A3C7530088D94F /* Project object */ = {
			isa = PBXProject;
			attributes = {
				LastSwiftUpdateCheck = 0930;
				LastUpgradeCheck = 0930;
				ORGANIZATIONNAME = "Summer Studios";
				TargetAttributes = {
					7EDC968520A3C7530088D94F = {
						CreatedOnToolsVersion = 9.3;
						ProvisioningStyle = Automatic;
					};
					A4F1987E20ACFE61002A059E = {
						CreatedOnToolsVersion = 9.3;
						ProvisioningStyle = Automatic;
					};
				};
			};
			buildConfigurationList = 7EDC968120A3C7530088D94F /* Build configuration list for PBXProject "Math Notation To Language Converter" */;
			compatibilityVersion = "Xcode 8.0";
			developmentRegion = en;
			hasScannedForEncodings = 0;
			knownRegions = (
				en,
				Base,
			);
			mainGroup = 7EDC967D20A3C7530088D94F;
			productRefGroup = 7EDC968720A3C7530088D94F /* Products */;
			projectDirPath = "";
			projectRoot = "";
			targets = (
				7EDC968520A3C7530088D94F /* Math Notation To Language Converter */,
				A4F1987E20ACFE61002A059E /* symbolKeyboard */,
			);
		};
/* End PBXProject section */

/* Begin PBXResourcesBuildPhase section */
		7EDC968420A3C7530088D94F /* Resources */ = {
			isa = PBXResourcesBuildPhase;
			buildActionMask = 2147483647;
			files = (
				7EDC969720A3C7550088D94F /* LaunchScreen.storyboard in Resources */,
				7EDC969F20A3C7B80088D94F /* Prototype Wireframe.storyboard in Resources */,
				7EDC969420A3C7550088D94F /* Assets.xcassets in Resources */,
				7EDC968F20A3C7540088D94F /* Main.storyboard in Resources */,
			);
			runOnlyForDeploymentPostprocessing = 0;
		};
		A4F1987D20ACFE61002A059E /* Resources */ = {
			isa = PBXResourcesBuildPhase;
			buildActionMask = 2147483647;
			files = (
				A4F1988C20ACFEA4002A059E /* symbolKeyboardView.xib in Resources */,
			);
			runOnlyForDeploymentPostprocessing = 0;
		};
/* End PBXResourcesBuildPhase section */

/* Begin PBXSourcesBuildPhase section */
		7EDC968220A3C7530088D94F /* Sources */ = {
			isa = PBXSourcesBuildPhase;
			buildActionMask = 2147483647;
			files = (
				A4F1987220ACFA0C002A059E /* CommonFormulaVC.swift in Sources */,
				A4F1987420ACFB8C002A059E /* FormulaSearchVC.swift in Sources */,
				A4F1987020ACF677002A059E /* FormulaCategoryVC.swift in Sources */,
				A4F1986E20ACF53E002A059E /* ResultDetailViewController.swift in Sources */,
				A4F1987620ACFC5B002A059E /* FavoriteViewController.swift in Sources */,
				A4F1986C20ACF352002A059E /* ResultViewController.swift in Sources */,
				7EDC968C20A3C7540088D94F /* ViewController.swift in Sources */,
				A4F1987820ACFCD7002A059E /* CustomDefineVC.swift in Sources */,
				7EDC968A20A3C7540088D94F /* AppDelegate.swift in Sources */,
				A4F1986A20ACF2A4002A059E /* SearchViewController.swift in Sources */,
				7EDC969220A3C7540088D94F /* Math_Notation_To_Language_Converter.xcdatamodeld in Sources */,
				A4F1987A20ACFE04002A059E /* SettingViewController.swift in Sources */,
			);
			runOnlyForDeploymentPostprocessing = 0;
		};
		A4F1987B20ACFE61002A059E /* Sources */ = {
			isa = PBXSourcesBuildPhase;
			buildActionMask = 2147483647;
			files = (
				A4F1988220ACFE61002A059E /* KeyboardViewController.swift in Sources */,
			);
			runOnlyForDeploymentPostprocessing = 0;
		};
/* End PBXSourcesBuildPhase section */

/* Begin PBXTargetDependency section */
		A4F1988520ACFE61002A059E /* PBXTargetDependency */ = {
			isa = PBXTargetDependency;
			target = A4F1987E20ACFE61002A059E /* symbolKeyboard */;
			targetProxy = A4F1988420ACFE61002A059E /* PBXContainerItemProxy */;
		};
/* End PBXTargetDependency section */

/* Begin PBXVariantGroup section */
		7EDC968D20A3C7540088D94F /* Main.storyboard */ = {
			isa = PBXVariantGroup;
			children = (
				7EDC968E20A3C7540088D94F /* Base */,
			);
			name = Main.storyboard;
			sourceTree = "<group>";
		};
		7EDC969520A3C7550088D94F /* LaunchScreen.storyboard */ = {
			isa = PBXVariantGroup;
			children = (
				7EDC969620A3C7550088D94F /* Base */,
			);
			name = LaunchScreen.storyboard;
			sourceTree = "<group>";
		};
/* End PBXVariantGroup section */

/* Begin XCBuildConfiguration section */
		7EDC969920A3C7550088D94F /* Debug */ = {
			isa = XCBuildConfiguration;
			buildSettings = {
				ALWAYS_SEARCH_USER_PATHS = NO;
				CLANG_ANALYZER_NONNULL = YES;
				CLANG_ANALYZER_NUMBER_OBJECT_CONVERSION = YES_AGGRESSIVE;
				CLANG_CXX_LANGUAGE_STANDARD = "gnu++14";
				CLANG_CXX_LIBRARY = "libc++";
				CLANG_ENABLE_MODULES = YES;
				CLANG_ENABLE_OBJC_ARC = YES;
				CLANG_ENABLE_OBJC_WEAK = YES;
				CLANG_WARN_BLOCK_CAPTURE_AUTORELEASING = YES;
				CLANG_WARN_BOOL_CONVERSION = YES;
				CLANG_WARN_COMMA = YES;
				CLANG_WARN_CONSTANT_CONVERSION = YES;
				CLANG_WARN_DEPRECATED_OBJC_IMPLEMENTATIONS = YES;
				CLANG_WARN_DIRECT_OBJC_ISA_USAGE = YES_ERROR;
				CLANG_WARN_DOCUMENTATION_COMMENTS = YES;
				CLANG_WARN_EMPTY_BODY = YES;
				CLANG_WARN_ENUM_CONVERSION = YES;
				CLANG_WARN_INFINITE_RECURSION = YES;
				CLANG_WARN_INT_CONVERSION = YES;
				CLANG_WARN_NON_LITERAL_NULL_CONVERSION = YES;
				CLANG_WARN_OBJC_IMPLICIT_RETAIN_SELF = YES;
				CLANG_WARN_OBJC_LITERAL_CONVERSION = YES;
				CLANG_WARN_OBJC_ROOT_CLASS = YES_ERROR;
				CLANG_WARN_RANGE_LOOP_ANALYSIS = YES;
				CLANG_WARN_STRICT_PROTOTYPES = YES;
				CLANG_WARN_SUSPICIOUS_MOVE = YES;
				CLANG_WARN_UNGUARDED_AVAILABILITY = YES_AGGRESSIVE;
				CLANG_WARN_UNREACHABLE_CODE = YES;
				CLANG_WARN__DUPLICATE_METHOD_MATCH = YES;
				CODE_SIGN_IDENTITY = "iPhone Developer";
				COPY_PHASE_STRIP = NO;
				DEBUG_INFORMATION_FORMAT = dwarf;
				ENABLE_STRICT_OBJC_MSGSEND = YES;
				ENABLE_TESTABILITY = YES;
				GCC_C_LANGUAGE_STANDARD = gnu11;
				GCC_DYNAMIC_NO_PIC = NO;
				GCC_NO_COMMON_BLOCKS = YES;
				GCC_OPTIMIZATION_LEVEL = 0;
				GCC_PREPROCESSOR_DEFINITIONS = (
					"DEBUG=1",
					"$(inherited)",
				);
				GCC_WARN_64_TO_32_BIT_CONVERSION = YES;
				GCC_WARN_ABOUT_RETURN_TYPE = YES_ERROR;
				GCC_WARN_UNDECLARED_SELECTOR = YES;
				GCC_WARN_UNINITIALIZED_AUTOS = YES_AGGRESSIVE;
				GCC_WARN_UNUSED_FUNCTION = YES;
				GCC_WARN_UNUSED_VARIABLE = YES;
				IPHONEOS_DEPLOYMENT_TARGET = 11.3;
				MTL_ENABLE_DEBUG_INFO = YES;
				ONLY_ACTIVE_ARCH = YES;
				SDKROOT = iphoneos;
				SWIFT_ACTIVE_COMPILATION_CONDITIONS = DEBUG;
				SWIFT_OPTIMIZATION_LEVEL = "-Onone";
			};
			name = Debug;
		};
		7EDC969A20A3C7550088D94F /* Release */ = {
			isa = XCBuildConfiguration;
			buildSettings = {
				ALWAYS_SEARCH_USER_PATHS = NO;
				CLANG_ANALYZER_NONNULL = YES;
				CLANG_ANALYZER_NUMBER_OBJECT_CONVERSION = YES_AGGRESSIVE;
				CLANG_CXX_LANGUAGE_STANDARD = "gnu++14";
				CLANG_CXX_LIBRARY = "libc++";
				CLANG_ENABLE_MODULES = YES;
				CLANG_ENABLE_OBJC_ARC = YES;
				CLANG_ENABLE_OBJC_WEAK = YES;
				CLANG_WARN_BLOCK_CAPTURE_AUTORELEASING = YES;
				CLANG_WARN_BOOL_CONVERSION = YES;
				CLANG_WARN_COMMA = YES;
				CLANG_WARN_CONSTANT_CONVERSION = YES;
				CLANG_WARN_DEPRECATED_OBJC_IMPLEMENTATIONS = YES;
				CLANG_WARN_DIRECT_OBJC_ISA_USAGE = YES_ERROR;
				CLANG_WARN_DOCUMENTATION_COMMENTS = YES;
				CLANG_WARN_EMPTY_BODY = YES;
				CLANG_WARN_ENUM_CONVERSION = YES;
				CLANG_WARN_INFINITE_RECURSION = YES;
				CLANG_WARN_INT_CONVERSION = YES;
				CLANG_WARN_NON_LITERAL_NULL_CONVERSION = YES;
				CLANG_WARN_OBJC_IMPLICIT_RETAIN_SELF = YES;
				CLANG_WARN_OBJC_LITERAL_CONVERSION = YES;
				CLANG_WARN_OBJC_ROOT_CLASS = YES_ERROR;
				CLANG_WARN_RANGE_LOOP_ANALYSIS = YES;
				CLANG_WARN_STRICT_PROTOTYPES = YES;
				CLANG_WARN_SUSPICIOUS_MOVE = YES;
				CLANG_WARN_UNGUARDED_AVAILABILITY = YES_AGGRESSIVE;
				CLANG_WARN_UNREACHABLE_CODE = YES;
				CLANG_WARN__DUPLICATE_METHOD_MATCH = YES;
				CODE_SIGN_IDENTITY = "iPhone Developer";
				COPY_PHASE_STRIP = NO;
				DEBUG_INFORMATION_FORMAT = "dwarf-with-dsym";
				ENABLE_NS_ASSERTIONS = NO;
				ENABLE_STRICT_OBJC_MSGSEND = YES;
				GCC_C_LANGUAGE_STANDARD = gnu11;
				GCC_NO_COMMON_BLOCKS = YES;
				GCC_WARN_64_TO_32_BIT_CONVERSION = YES;
				GCC_WARN_ABOUT_RETURN_TYPE = YES_ERROR;
				GCC_WARN_UNDECLARED_SELECTOR = YES;
				GCC_WARN_UNINITIALIZED_AUTOS = YES_AGGRESSIVE;
				GCC_WARN_UNUSED_FUNCTION = YES;
				GCC_WARN_UNUSED_VARIABLE = YES;
				IPHONEOS_DEPLOYMENT_TARGET = 11.3;
				MTL_ENABLE_DEBUG_INFO = NO;
				SDKROOT = iphoneos;
				SWIFT_OPTIMIZATION_LEVEL = "-Owholemodule";
				VALIDATE_PRODUCT = YES;
			};
			name = Release;
		};
		7EDC969C20A3C7550088D94F /* Debug */ = {
			isa = XCBuildConfiguration;
			buildSettings = {
				ALWAYS_EMBED_SWIFT_STANDARD_LIBRARIES = YES;
				ASSETCATALOG_COMPILER_APPICON_NAME = AppIcon;
				CODE_SIGN_STYLE = Automatic;
				DEVELOPMENT_TEAM = 4975ZZV574;
				INFOPLIST_FILE = "Math Notation To Language Converter/Info.plist";
				IPHONEOS_DEPLOYMENT_TARGET = 11.2;
				LD_RUNPATH_SEARCH_PATHS = "$(inherited) @executable_path/Frameworks";
				PRODUCT_BUNDLE_IDENTIFIER = "Summer-Studios.Math-Notation-To-Language-Converter";
				PRODUCT_NAME = "$(TARGET_NAME)";
				SWIFT_VERSION = 4.0;
				TARGETED_DEVICE_FAMILY = "1,2";
			};
			name = Debug;
		};
		7EDC969D20A3C7550088D94F /* Release */ = {
			isa = XCBuildConfiguration;
			buildSettings = {
				ALWAYS_EMBED_SWIFT_STANDARD_LIBRARIES = YES;
				ASSETCATALOG_COMPILER_APPICON_NAME = AppIcon;
				CODE_SIGN_STYLE = Automatic;
				DEVELOPMENT_TEAM = 4975ZZV574;
				INFOPLIST_FILE = "Math Notation To Language Converter/Info.plist";
				IPHONEOS_DEPLOYMENT_TARGET = 11.2;
				LD_RUNPATH_SEARCH_PATHS = "$(inherited) @executable_path/Frameworks";
				PRODUCT_BUNDLE_IDENTIFIER = "Summer-Studios.Math-Notation-To-Language-Converter";
				PRODUCT_NAME = "$(TARGET_NAME)";
				SWIFT_VERSION = 4.0;
				TARGETED_DEVICE_FAMILY = "1,2";
			};
			name = Release;
		};
		A4F1988820ACFE61002A059E /* Debug */ = {
			isa = XCBuildConfiguration;
			buildSettings = {
				CODE_SIGN_STYLE = Automatic;
				DEVELOPMENT_TEAM = 4975ZZV574;
				INFOPLIST_FILE = symbolKeyboard/Info.plist;
				LD_RUNPATH_SEARCH_PATHS = "$(inherited) @executable_path/Frameworks @executable_path/../../Frameworks";
				PRODUCT_BUNDLE_IDENTIFIER = "Summer-Studios.Math-Notation-To-Language-Converter.symbolKeyboard";
				PRODUCT_NAME = "$(TARGET_NAME)";
				SKIP_INSTALL = YES;
				SWIFT_VERSION = 4.0;
				TARGETED_DEVICE_FAMILY = "1,2";
			};
			name = Debug;
		};
		A4F1988920ACFE61002A059E /* Release */ = {
			isa = XCBuildConfiguration;
			buildSettings = {
				CODE_SIGN_STYLE = Automatic;
				DEVELOPMENT_TEAM = 4975ZZV574;
				INFOPLIST_FILE = symbolKeyboard/Info.plist;
				LD_RUNPATH_SEARCH_PATHS = "$(inherited) @executable_path/Frameworks @executable_path/../../Frameworks";
				PRODUCT_BUNDLE_IDENTIFIER = "Summer-Studios.Math-Notation-To-Language-Converter.symbolKeyboard";
				PRODUCT_NAME = "$(TARGET_NAME)";
				SKIP_INSTALL = YES;
				SWIFT_VERSION = 4.0;
				TARGETED_DEVICE_FAMILY = "1,2";
			};
			name = Release;
		};
/* End XCBuildConfiguration section */

/* Begin XCConfigurationList section */
		7EDC968120A3C7530088D94F /* Build configuration list for PBXProject "Math Notation To Language Converter" */ = {
			isa = XCConfigurationList;
			buildConfigurations = (
				7EDC969920A3C7550088D94F /* Debug */,
				7EDC969A20A3C7550088D94F /* Release */,
			);
			defaultConfigurationIsVisible = 0;
			defaultConfigurationName = Release;
		};
		7EDC969B20A3C7550088D94F /* Build configuration list for PBXNativeTarget "Math Notation To Language Converter" */ = {
			isa = XCConfigurationList;
			buildConfigurations = (
				7EDC969C20A3C7550088D94F /* Debug */,
				7EDC969D20A3C7550088D94F /* Release */,
			);
			defaultConfigurationIsVisible = 0;
			defaultConfigurationName = Release;
		};
		A4F1988720ACFE61002A059E /* Build configuration list for PBXNativeTarget "symbolKeyboard" */ = {
			isa = XCConfigurationList;
			buildConfigurations = (
				A4F1988820ACFE61002A059E /* Debug */,
				A4F1988920ACFE61002A059E /* Release */,
			);
			defaultConfigurationIsVisible = 0;
			defaultConfigurationName = Release;
		};
/* End XCConfigurationList section */

/* Begin XCVersionGroup section */
		7EDC969020A3C7540088D94F /* Math_Notation_To_Language_Converter.xcdatamodeld */ = {
			isa = XCVersionGroup;
			children = (
				7EDC969120A3C7540088D94F /* Math_Notation_To_Language_Converter.xcdatamodel */,
			);
			currentVersion = 7EDC969120A3C7540088D94F /* Math_Notation_To_Language_Converter.xcdatamodel */;
			path = Math_Notation_To_Language_Converter.xcdatamodeld;
			sourceTree = "<group>";
			versionGroupType = wrapper.xcdatamodel;
		};
/* End XCVersionGroup section */
	};
	rootObject = 7EDC967E20A3C7530088D94F /* Project object */;
}
